# THIS IS AN AUTOGENERATED FILE. DO NOT EDIT THIS FILE DIRECTLY.
# yarn lockfile v1


"@ctsy/hook@^0.0":
  version "0.0.5"
  resolved "https://registry.yarnpkg.com/@ctsy/hook/-/hook-0.0.5.tgz#68c2e58f36a0d49c5b643dc0cd6c4c573fd92f89"
  integrity sha512-sBib0ahrQIQbttKgAuye/HmGLGOp2IV9boXBwbvMeEmKw6zhpkFPNUiq7UD+045+bcNyTIeYvJoKFwQAK7zQ/Q==

"@types/node@^12.7.1":
  version "12.7.1"
  resolved "https://registry.yarnpkg.com/@types/node/-/node-12.7.1.tgz#3b5c3a26393c19b400844ac422bd0f631a94d69d"
  integrity sha512-aK9jxMypeSrhiYofWWBf/T7O+KwaiAHzM4sveCdWPn71lzUSMimRnKzhXDKfKwV1kWoBo2P1aGgaIYGLf9/ljw==

castle-function@^1.0.3:
  version "1.0.3"
  resolved "https://registry.yarnpkg.com/castle-function/-/castle-function-1.0.3.tgz#8558863c0dbc87d5cae6fdf726b46c5c581acf36"
  integrity sha512-o5TDeZSKcCRrWtKFL6hydFwVgQKOAxAz4nLDxrA2L44Firum4xvdbLcQjBrh1BjFNrE72QotE63wt75zQ/ergA==
  dependencies:
    lodash "^4.17.15"

lodash@^4.17.15:
  version "4.17.15"
  resolved "https://registry.yarnpkg.com/lodash/-/lodash-4.17.15.tgz#b447f6670a0455bbfeedd11392eff330ea097548"
  integrity sha512-8xOcRHvCjnocdS5cpwXQXVzmmh5e5+saE2QGoeQmbKmRS6J3VQppPOIt0MnmE+4xlZoumy0GPG0D0MVIQbNA1A==

vue@^2.6.11:
  version "2.6.11"
  resolved "https://registry.yarnpkg.com/vue/-/vue-2.6.11.tgz#76594d877d4b12234406e84e35275c6d514125c5"
  integrity sha512-VfPwgcGABbGAue9+sfrD4PuwFar7gPb1yl1UK1MwXoQPAw0BKSqWfoYCT/ThFrdEVWoI51dBuyCoiNU9bZDZxQ==

vuex@^3.1.2:
  version "3.1.2"
  resolved "https://registry.yarnpkg.com/vuex/-/vuex-3.1.2.tgz#a2863f4005aa73f2587e55c3fadf3f01f69c7d4d"
  integrity sha512-ha3jNLJqNhhrAemDXcmMJMKf1Zu4sybMPr9KxJIuOpVcsDQlTBYLLladav2U+g1AvdYDG5Gs0xBTb0M5pXXYFQ==
